
Microsoft Visual Studio Solution File, Format Version 12.00
# Visual Studio Version 16
VisualStudioVersion = 16.0.28407.52
MinimumVisualStudioVersion = 15.0.26124.0
Project("{2150E333-8FDC-42A3-9474-1A3956D46DE8}") = "src", "src", "{5C20278D-467A-4B47-A9DE-6002E74ACCB5}"
EndProject
Project("{9A19103F-16F7-4668-BE54-9A1E7A4F7556}") = "SecretSanta.Domain", "src\SecretSanta.Domain\SecretSanta.Domain.csproj", "{E70F4B18-EDBB-4042-8974-04DDA530988C}"
EndProject
Project("{2150E333-8FDC-42A3-9474-1A3956D46DE8}") = "test", "test", "{CF170494-0C8F-4F86-8815-567DD8EB7B25}"
EndProject
Project("{9A19103F-16F7-4668-BE54-9A1E7A4F7556}") = "SecretSanta.Domain.Tests", "test\SecretSanta.Domain.Tests\SecretSanta.Domain.Tests.csproj", "{1C705C15-C074-4328-B0C3-37DF9C6082E4}"
	ProjectSection(ProjectDependencies) = postProject
		{E70F4B18-EDBB-4042-8974-04DDA530988C} = {E70F4B18-EDBB-4042-8974-04DDA530988C}
	EndProjectSection
EndProject
Global
	GlobalSection(SolutionConfigurationPlatforms) = preSolution
		Debug|Any CPU = Debug|Any CPU
		Debug|x64 = Debug|x64
		Debug|x86 = Debug|x86
		Release|Any CPU = Release|Any CPU
		Release|x64 = Release|x64
		Release|x86 = Release|x86
	EndGlobalSection
	GlobalSection(ProjectConfigurationPlatforms) = postSolution
		{E70F4B18-EDBB-4042-8974-04DDA530988C}.Debug|Any CPU.ActiveCfg = Debug|Any CPU
		{E70F4B18-EDBB-4042-8974-04DDA530988C}.Debug|Any CPU.Build.0 = Debug|Any CPU
		{E70F4B18-EDBB-4042-8974-04DDA530988C}.Debug|x64.ActiveCfg = Debug|Any CPU
		{E70F4B18-EDBB-4042-8974-04DDA530988C}.Debug|x64.Build.0 = Debug|Any CPU
		{E70F4B18-EDBB-4042-8974-04DDA530988C}.Debug|x86.ActiveCfg = Debug|Any CPU
		{E70F4B18-EDBB-4042-8974-04DDA530988C}.Debug|x86.Build.0 = Debug|Any CPU
		{E70F4B18-EDBB-4042-8974-04DDA530988C}.Release|Any CPU.ActiveCfg = Release|Any CPU
		{E70F4B18-EDBB-4042-8974-04DDA530988C}.Release|Any CPU.Build.0 = Release|Any CPU
		{E70F4B18-EDBB-4042-8974-04DDA530988C}.Release|x64.ActiveCfg = Release|Any CPU
		{E70F4B18-EDBB-4042-8974-04DDA530988C}.Release|x64.Build.0 = Release|Any CPU
		{E70F4B18-EDBB-4042-8974-04DDA530988C}.Release|x86.ActiveCfg = Release|Any CPU
		{E70F4B18-EDBB-4042-8974-04DDA530988C}.Release|x86.Build.0 = Release|Any CPU
		{1C705C15-C074-4328-B0C3-37DF9C6082E4}.Debug|Any CPU.ActiveCfg = Debug|Any CPU
		{1C705C15-C074-4328-B0C3-37DF9C6082E4}.Debug|Any CPU.Build.0 = Debug|Any CPU
		{1C705C15-C074-4328-B0C3-37DF9C6082E4}.Debug|x64.ActiveCfg = Debug|Any CPU
		{1C705C15-C074-4328-B0C3-37DF9C6082E4}.Debug|x64.Build.0 = Debug|Any CPU
		{1C705C15-C074-4328-B0C3-37DF9C6082E4}.Debug|x86.ActiveCfg = Debug|Any CPU
		{1C705C15-C074-4328-B0C3-37DF9C6082E4}.Debug|x86.Build.0 = Debug|Any CPU
		{1C705C15-C074-4328-B0C3-37DF9C6082E4}.Release|Any CPU.ActiveCfg = Release|Any CPU
		{1C705C15-C074-4328-B0C3-37DF9C6082E4}.Release|Any CPU.Build.0 = Release|Any CPU
		{1C705C15-C074-4328-B0C3-37DF9C6082E4}.Release|x64.ActiveCfg = Release|Any CPU
		{1C705C15-C074-4328-B0C3-37DF9C6082E4}.Release|x64.Build.0 = Release|Any CPU
		{1C705C15-C074-4328-B0C3-37DF9C6082E4}.Release|x86.ActiveCfg = Release|Any CPU
		{1C705C15-C074-4328-B0C3-37DF9C6082E4}.Release|x86.Build.0 = Release|Any CPU
	EndGlobalSection
	GlobalSection(SolutionProperties) = preSolution
		HideSolutionNode = FALSE
	EndGlobalSection
	GlobalSection(NestedProjects) = preSolution
		{E70F4B18-EDBB-4042-8974-04DDA530988C} = {5C20278D-467A-4B47-A9DE-6002E74ACCB5}
		{1C705C15-C074-4328-B0C3-37DF9C6082E4} = {CF170494-0C8F-4F86-8815-567DD8EB7B25}
	EndGlobalSection
	GlobalSection(ExtensibilityGlobals) = postSolution
		SolutionGuid = {CAB3B159-EF15-46FF-A4C4-63221D3DC96D}
	EndGlobalSection
EndGlobal
